
Microsoft Visual Studio Solution File, Format Version 12.00
# Visual Studio Version 17
VisualStudioVersion = 17.8.34408.163
MinimumVisualStudioVersion = 10.0.40219.1
Project("{9A19103F-16F7-4668-BE54-9A1E7A4F7556}") = "AmosBooks", "AmosBooks\AmosBooks.csproj", "{98E42D37-A06F-4FDF-B49A-B91279C7853C}"
EndProject
Project("{FAE04EC0-301F-11D3-BF4B-00C04F79EFBC}") = "AmosBooks.DataAccess", "AmosBooks.DataAccess\AmosBooks.DataAccess.csproj", "{4BB4571F-805E-4E18-836B-27E2EBB6A0BF}"
EndProject
Project("{FAE04EC0-301F-11D3-BF4B-00C04F79EFBC}") = "AmosBooks.Models", "AmosBooks.Models\AmosBooks.Models.csproj", "{6F0C269E-148A-48A7-A68B-51E138291AF4}"
EndProject
Project("{FAE04EC0-301F-11D3-BF4B-00C04F79EFBC}") = "AmosBooks.Utility", "AmosBooks.Utility\AmosBooks.Utility.csproj", "{99355EAB-F471-4F7B-91C0-D5CEA3EB2453}"
EndProject
Global
	GlobalSection(SolutionConfigurationPlatforms) = preSolution
		Debug|Any CPU = Debug|Any CPU
		Release|Any CPU = Release|Any CPU
	EndGlobalSection
	GlobalSection(ProjectConfigurationPlatforms) = postSolution
		{98E42D37-A06F-4FDF-B49A-B91279C7853C}.Debug|Any CPU.ActiveCfg = Debug|Any CPU
		{98E42D37-A06F-4FDF-B49A-B91279C7853C}.Debug|Any CPU.Build.0 = Debug|Any CPU
		{98E42D37-A06F-4FDF-B49A-B91279C7853C}.Release|Any CPU.ActiveCfg = Release|Any CPU
		{98E42D37-A06F-4FDF-B49A-B91279C7853C}.Release|Any CPU.Build.0 = Release|Any CPU
		{4BB4571F-805E-4E18-836B-27E2EBB6A0BF}.Debug|Any CPU.ActiveCfg = Debug|Any CPU
		{4BB4571F-805E-4E18-836B-27E2EBB6A0BF}.Debug|Any CPU.Build.0 = Debug|Any CPU
		{4BB4571F-805E-4E18-836B-27E2EBB6A0BF}.Release|Any CPU.ActiveCfg = Release|Any CPU
		{4BB4571F-805E-4E18-836B-27E2EBB6A0BF}.Release|Any CPU.Build.0 = Release|Any CPU
		{6F0C269E-148A-48A7-A68B-51E138291AF4}.Debug|Any CPU.ActiveCfg = Debug|Any CPU
		{6F0C269E-148A-48A7-A68B-51E138291AF4}.Debug|Any CPU.Build.0 = Debug|Any CPU
		{6F0C269E-148A-48A7-A68B-51E138291AF4}.Release|Any CPU.ActiveCfg = Release|Any CPU
		{6F0C269E-148A-48A7-A68B-51E138291AF4}.Release|Any CPU.Build.0 = Release|Any CPU
		{99355EAB-F471-4F7B-91C0-D5CEA3EB2453}.Debug|Any CPU.ActiveCfg = Debug|Any CPU
		{99355EAB-F471-4F7B-91C0-D5CEA3EB2453}.Debug|Any CPU.Build.0 = Debug|Any CPU
		{99355EAB-F471-4F7B-91C0-D5CEA3EB2453}.Release|Any CPU.ActiveCfg = Release|Any CPU
		{99355EAB-F471-4F7B-91C0-D5CEA3EB2453}.Release|Any CPU.Build.0 = Release|Any CPU
	EndGlobalSection
	GlobalSection(SolutionProperties) = preSolution
		HideSolutionNode = FALSE
	EndGlobalSection
	GlobalSection(ExtensibilityGlobals) = postSolution
		SolutionGuid = {676220D4-EF64-42DA-BE55-3BB9A07BE8C9}
	EndGlobalSection
EndGlobal
